
Microsoft Visual Studio Solution File, Format Version 12.00
# Visual Studio Version 16
VisualStudioVersion = 16.0.29721.120
MinimumVisualStudioVersion = 10.0.40219.1
Project("{FAE04EC0-301F-11D3-BF4B-00C04F79EFBC}") = "Taxi.Common", "Taxi.Common\Taxi.Common.csproj", "{45045E0B-D547-47AE-916B-95B920E02FBA}"
EndProject
Project("{FAE04EC0-301F-11D3-BF4B-00C04F79EFBC}") = "Taxi.Web", "Taxi.Web\Taxi.Web.csproj", "{B245A1E1-AE3A-4C8E-A160-F20BF4C8CDF0}"
EndProject
Project("{FAE04EC0-301F-11D3-BF4B-00C04F79EFBC}") = "Taxi.Prism", "Taxi.Prism\Taxi.Prism\Taxi.Prism.csproj", "{BE513E49-BE81-4B07-B24B-CF39C9E01FF9}"
EndProject
Project("{FAE04EC0-301F-11D3-BF4B-00C04F79EFBC}") = "Taxi.Prism.Android", "Taxi.Prism\Taxi.Prism.Android\Taxi.Prism.Android.csproj", "{7E31BA18-DA02-4D9A-B19D-6E48D36F77B5}"
EndProject
Project("{FAE04EC0-301F-11D3-BF4B-00C04F79EFBC}") = "Taxi.Prism.iOS", "Taxi.Prism\Taxi.Prism.iOS\Taxi.Prism.iOS.csproj", "{4F8A0FE0-A694-4C7B-896A-0703D751D5B1}"
EndProject
Project("{FAE04EC0-301F-11D3-BF4B-00C04F79EFBC}") = "Taxi.Cross.Android", "Taxi.Cross.Android\Taxi.Cross.Android.csproj", "{FFCDB6F6-5C5A-4224-9CE7-56B4E0C1767F}"
EndProject
Project("{FAE04EC0-301F-11D3-BF4B-00C04F79EFBC}") = "Taxi.Cross.IOS", "Taxi.Cross.IOS\Taxi.Cross.IOS.csproj", "{E59F29FA-3E4E-46DF-9995-25A3818242D8}"
EndProject
Global
	GlobalSection(SolutionConfigurationPlatforms) = preSolution
		Ad-Hoc|Any CPU = Ad-Hoc|Any CPU
		Ad-Hoc|iPhone = Ad-Hoc|iPhone
		Ad-Hoc|iPhoneSimulator = Ad-Hoc|iPhoneSimulator
		AppStore|Any CPU = AppStore|Any CPU
		AppStore|iPhone = AppStore|iPhone
		AppStore|iPhoneSimulator = AppStore|iPhoneSimulator
		Debug|Any CPU = Debug|Any CPU
		Debug|iPhone = Debug|iPhone
		Debug|iPhoneSimulator = Debug|iPhoneSimulator
		Release|Any CPU = Release|Any CPU
		Release|iPhone = Release|iPhone
		Release|iPhoneSimulator = Release|iPhoneSimulator
	EndGlobalSection
	GlobalSection(ProjectConfigurationPlatforms) = postSolution
		{45045E0B-D547-47AE-916B-95B920E02FBA}.Ad-Hoc|Any CPU.ActiveCfg = Debug|Any CPU
		{45045E0B-D547-47AE-916B-95B920E02FBA}.Ad-Hoc|Any CPU.Build.0 = Debug|Any CPU
		{45045E0B-D547-47AE-916B-95B920E02FBA}.Ad-Hoc|iPhone.ActiveCfg = Debug|Any CPU
		{45045E0B-D547-47AE-916B-95B920E02FBA}.Ad-Hoc|iPhone.Build.0 = Debug|Any CPU
		{45045E0B-D547-47AE-916B-95B920E02FBA}.Ad-Hoc|iPhoneSimulator.ActiveCfg = Debug|Any CPU
		{45045E0B-D547-47AE-916B-95B920E02FBA}.Ad-Hoc|iPhoneSimulator.Build.0 = Debug|Any CPU
		{45045E0B-D547-47AE-916B-95B920E02FBA}.AppStore|Any CPU.ActiveCfg = Debug|Any CPU
		{45045E0B-D547-47AE-916B-95B920E02FBA}.AppStore|Any CPU.Build.0 = Debug|Any CPU
		{45045E0B-D547-47AE-916B-95B920E02FBA}.AppStore|iPhone.ActiveCfg = Debug|Any CPU
		{45045E0B-D547-47AE-916B-95B920E02FBA}.AppStore|iPhone.Build.0 = Debug|Any CPU
		{45045E0B-D547-47AE-916B-95B920E02FBA}.AppStore|iPhoneSimulator.ActiveCfg = Debug|Any CPU
		{45045E0B-D547-47AE-916B-95B920E02FBA}.AppStore|iPhoneSimulator.Build.0 = Debug|Any CPU
		{45045E0B-D547-47AE-916B-95B920E02FBA}.Debug|Any CPU.ActiveCfg = Debug|Any CPU
		{45045E0B-D547-47AE-916B-95B920E02FBA}.Debug|Any CPU.Build.0 = Debug|Any CPU
		{45045E0B-D547-47AE-916B-95B920E02FBA}.Debug|iPhone.ActiveCfg = Debug|Any CPU
		{45045E0B-D547-47AE-916B-95B920E02FBA}.Debug|iPhone.Build.0 = Debug|Any CPU
		{45045E0B-D547-47AE-916B-95B920E02FBA}.Debug|iPhoneSimulator.ActiveCfg = Debug|Any CPU
		{45045E0B-D547-47AE-916B-95B920E02FBA}.Debug|iPhoneSimulator.Build.0 = Debug|Any CPU
		{45045E0B-D547-47AE-916B-95B920E02FBA}.Release|Any CPU.ActiveCfg = Release|Any CPU
		{45045E0B-D547-47AE-916B-95B920E02FBA}.Release|Any CPU.Build.0 = Release|Any CPU
		{45045E0B-D547-47AE-916B-95B920E02FBA}.Release|iPhone.ActiveCfg = Release|Any CPU
		{45045E0B-D547-47AE-916B-95B920E02FBA}.Release|iPhone.Build.0 = Release|Any CPU
		{45045E0B-D547-47AE-916B-95B920E02FBA}.Release|iPhoneSimulator.ActiveCfg = Release|Any CPU
		{45045E0B-D547-47AE-916B-95B920E02FBA}.Release|iPhoneSimulator.Build.0 = Release|Any CPU
		{B245A1E1-AE3A-4C8E-A160-F20BF4C8CDF0}.Ad-Hoc|Any CPU.ActiveCfg = Debug|Any CPU
		{B245A1E1-AE3A-4C8E-A160-F20BF4C8CDF0}.Ad-Hoc|Any CPU.Build.0 = Debug|Any CPU
		{B245A1E1-AE3A-4C8E-A160-F20BF4C8CDF0}.Ad-Hoc|iPhone.ActiveCfg = Debug|Any CPU
		{B245A1E1-AE3A-4C8E-A160-F20BF4C8CDF0}.Ad-Hoc|iPhone.Build.0 = Debug|Any CPU
		{B245A1E1-AE3A-4C8E-A160-F20BF4C8CDF0}.Ad-Hoc|iPhoneSimulator.ActiveCfg = Debug|Any CPU
		{B245A1E1-AE3A-4C8E-A160-F20BF4C8CDF0}.Ad-Hoc|iPhoneSimulator.Build.0 = Debug|Any CPU
		{B245A1E1-AE3A-4C8E-A160-F20BF4C8CDF0}.AppStore|Any CPU.ActiveCfg = Debug|Any CPU
		{B245A1E1-AE3A-4C8E-A160-F20BF4C8CDF0}.AppStore|Any CPU.Build.0 = Debug|Any CPU
		{B245A1E1-AE3A-4C8E-A160-F20BF4C8CDF0}.AppStore|iPhone.ActiveCfg = Debug|Any CPU
		{B245A1E1-AE3A-4C8E-A160-F20BF4C8CDF0}.AppStore|iPhone.Build.0 = Debug|Any CPU
		{B245A1E1-AE3A-4C8E-A160-F20BF4C8CDF0}.AppStore|iPhoneSimulator.ActiveCfg = Debug|Any CPU
		{B245A1E1-AE3A-4C8E-A160-F20BF4C8CDF0}.AppStore|iPhoneSimulator.Build.0 = Debug|Any CPU
		{B245A1E1-AE3A-4C8E-A160-F20BF4C8CDF0}.Debug|Any CPU.ActiveCfg = Debug|Any CPU
		{B245A1E1-AE3A-4C8E-A160-F20BF4C8CDF0}.Debug|Any CPU.Build.0 = Debug|Any CPU
		{B245A1E1-AE3A-4C8E-A160-F20BF4C8CDF0}.Debug|iPhone.ActiveCfg = Debug|Any CPU
		{B245A1E1-AE3A-4C8E-A160-F20BF4C8CDF0}.Debug|iPhone.Build.0 = Debug|Any CPU
		{B245A1E1-AE3A-4C8E-A160-F20BF4C8CDF0}.Debug|iPhoneSimulator.ActiveCfg = Debug|Any CPU
		{B245A1E1-AE3A-4C8E-A160-F20BF4C8CDF0}.Debug|iPhoneSimulator.Build.0 = Debug|Any CPU
		{B245A1E1-AE3A-4C8E-A160-F20BF4C8CDF0}.Release|Any CPU.ActiveCfg = Release|Any CPU
		{B245A1E1-AE3A-4C8E-A160-F20BF4C8CDF0}.Release|Any CPU.Build.0 = Release|Any CPU
		{B245A1E1-AE3A-4C8E-A160-F20BF4C8CDF0}.Release|iPhone.ActiveCfg = Release|Any CPU
		{B245A1E1-AE3A-4C8E-A160-F20BF4C8CDF0}.Release|iPhone.Build.0 = Release|Any CPU
		{B245A1E1-AE3A-4C8E-A160-F20BF4C8CDF0}.Release|iPhoneSimulator.ActiveCfg = Release|Any CPU
		{B245A1E1-AE3A-4C8E-A160-F20BF4C8CDF0}.Release|iPhoneSimulator.Build.0 = Release|Any CPU
		{BE513E49-BE81-4B07-B24B-CF39C9E01FF9}.Ad-Hoc|Any CPU.ActiveCfg = Debug|Any CPU
		{BE513E49-BE81-4B07-B24B-CF39C9E01FF9}.Ad-Hoc|Any CPU.Build.0 = Debug|Any CPU
		{BE513E49-BE81-4B07-B24B-CF39C9E01FF9}.Ad-Hoc|iPhone.ActiveCfg = Debug|Any CPU
		{BE513E49-BE81-4B07-B24B-CF39C9E01FF9}.Ad-Hoc|iPhone.Build.0 = Debug|Any CPU
		{BE513E49-BE81-4B07-B24B-CF39C9E01FF9}.Ad-Hoc|iPhoneSimulator.ActiveCfg = Debug|Any CPU
		{BE513E49-BE81-4B07-B24B-CF39C9E01FF9}.Ad-Hoc|iPhoneSimulator.Build.0 = Debug|Any CPU
		{BE513E49-BE81-4B07-B24B-CF39C9E01FF9}.AppStore|Any CPU.ActiveCfg = Debug|Any CPU
		{BE513E49-BE81-4B07-B24B-CF39C9E01FF9}.AppStore|Any CPU.Build.0 = Debug|Any CPU
		{BE513E49-BE81-4B07-B24B-CF39C9E01FF9}.AppStore|iPhone.ActiveCfg = Debug|Any CPU
		{BE513E49-BE81-4B07-B24B-CF39C9E01FF9}.AppStore|iPhone.Build.0 = Debug|Any CPU
		{BE513E49-BE81-4B07-B24B-CF39C9E01FF9}.AppStore|iPhoneSimulator.ActiveCfg = Debug|Any CPU
		{BE513E49-BE81-4B07-B24B-CF39C9E01FF9}.AppStore|iPhoneSimulator.Build.0 = Debug|Any CPU
		{BE513E49-BE81-4B07-B24B-CF39C9E01FF9}.Debug|Any CPU.ActiveCfg = Debug|Any CPU
		{BE513E49-BE81-4B07-B24B-CF39C9E01FF9}.Debug|Any CPU.Build.0 = Debug|Any CPU
		{BE513E49-BE81-4B07-B24B-CF39C9E01FF9}.Debug|iPhone.ActiveCfg = Debug|Any CPU
		{BE513E49-BE81-4B07-B24B-CF39C9E01FF9}.Debug|iPhone.Build.0 = Debug|Any CPU
		{BE513E49-BE81-4B07-B24B-CF39C9E01FF9}.Debug|iPhoneSimulator.ActiveCfg = Debug|Any CPU
		{BE513E49-BE81-4B07-B24B-CF39C9E01FF9}.Debug|iPhoneSimulator.Build.0 = Debug|Any CPU
		{BE513E49-BE81-4B07-B24B-CF39C9E01FF9}.Release|Any CPU.ActiveCfg = Release|Any CPU
		{BE513E49-BE81-4B07-B24B-CF39C9E01FF9}.Release|Any CPU.Build.0 = Release|Any CPU
		{BE513E49-BE81-4B07-B24B-CF39C9E01FF9}.Release|iPhone.ActiveCfg = Release|Any CPU
		{BE513E49-BE81-4B07-B24B-CF39C9E01FF9}.Release|iPhone.Build.0 = Release|Any CPU
		{BE513E49-BE81-4B07-B24B-CF39C9E01FF9}.Release|iPhoneSimulator.ActiveCfg = Release|Any CPU
		{BE513E49-BE81-4B07-B24B-CF39C9E01FF9}.Release|iPhoneSimulator.Build.0 = Release|Any CPU
		{7E31BA18-DA02-4D9A-B19D-6E48D36F77B5}.Ad-Hoc|Any CPU.ActiveCfg = Release|Any CPU
		{7E31BA18-DA02-4D9A-B19D-6E48D36F77B5}.Ad-Hoc|Any CPU.Build.0 = Release|Any CPU
		{7E31BA18-DA02-4D9A-B19D-6E48D36F77B5}.Ad-Hoc|Any CPU.Deploy.0 = Release|Any CPU
		{7E31BA18-DA02-4D9A-B19D-6E48D36F77B5}.Ad-Hoc|iPhone.ActiveCfg = Release|Any CPU
		{7E31BA18-DA02-4D9A-B19D-6E48D36F77B5}.Ad-Hoc|iPhone.Build.0 = Release|Any CPU
		{7E31BA18-DA02-4D9A-B19D-6E48D36F77B5}.Ad-Hoc|iPhone.Deploy.0 = Release|Any CPU
		{7E31BA18-DA02-4D9A-B19D-6E48D36F77B5}.Ad-Hoc|iPhoneSimulator.ActiveCfg = Release|Any CPU
		{7E31BA18-DA02-4D9A-B19D-6E48D36F77B5}.Ad-Hoc|iPhoneSimulator.Build.0 = Release|Any CPU
		{7E31BA18-DA02-4D9A-B19D-6E48D36F77B5}.Ad-Hoc|iPhoneSimulator.Deploy.0 = Release|Any CPU
		{7E31BA18-DA02-4D9A-B19D-6E48D36F77B5}.AppStore|Any CPU.ActiveCfg = Release|Any CPU
		{7E31BA18-DA02-4D9A-B19D-6E48D36F77B5}.AppStore|Any CPU.Build.0 = Release|Any CPU
		{7E31BA18-DA02-4D9A-B19D-6E48D36F77B5}.AppStore|Any CPU.Deploy.0 = Release|Any CPU
		{7E31BA18-DA02-4D9A-B19D-6E48D36F77B5}.AppStore|iPhone.ActiveCfg = Release|Any CPU
		{7E31BA18-DA02-4D9A-B19D-6E48D36F77B5}.AppStore|iPhone.Build.0 = Release|Any CPU
		{7E31BA18-DA02-4D9A-B19D-6E48D36F77B5}.AppStore|iPhone.Deploy.0 = Release|Any CPU
		{7E31BA18-DA02-4D9A-B19D-6E48D36F77B5}.AppStore|iPhoneSimulator.ActiveCfg = Release|Any CPU
		{7E31BA18-DA02-4D9A-B19D-6E48D36F77B5}.AppStore|iPhoneSimulator.Build.0 = Release|Any CPU
		{7E31BA18-DA02-4D9A-B19D-6E48D36F77B5}.AppStore|iPhoneSimulator.Deploy.0 = Release|Any CPU
		{7E31BA18-DA02-4D9A-B19D-6E48D36F77B5}.Debug|Any CPU.ActiveCfg = Debug|Any CPU
		{7E31BA18-DA02-4D9A-B19D-6E48D36F77B5}.Debug|Any CPU.Build.0 = Debug|Any CPU
		{7E31BA18-DA02-4D9A-B19D-6E48D36F77B5}.Debug|Any CPU.Deploy.0 = Debug|Any CPU
		{7E31BA18-DA02-4D9A-B19D-6E48D36F77B5}.Debug|iPhone.ActiveCfg = Debug|Any CPU
		{7E31BA18-DA02-4D9A-B19D-6E48D36F77B5}.Debug|iPhone.Build.0 = Debug|Any CPU
		{7E31BA18-DA02-4D9A-B19D-6E48D36F77B5}.Debug|iPhone.Deploy.0 = Debug|Any CPU
		{7E31BA18-DA02-4D9A-B19D-6E48D36F77B5}.Debug|iPhoneSimulator.ActiveCfg = Debug|Any CPU
		{7E31BA18-DA02-4D9A-B19D-6E48D36F77B5}.Debug|iPhoneSimulator.Build.0 = Debug|Any CPU
		{7E31BA18-DA02-4D9A-B19D-6E48D36F77B5}.Debug|iPhoneSimulator.Deploy.0 = Debug|Any CPU
		{7E31BA18-DA02-4D9A-B19D-6E48D36F77B5}.Release|Any CPU.ActiveCfg = Release|Any CPU
		{7E31BA18-DA02-4D9A-B19D-6E48D36F77B5}.Release|Any CPU.Build.0 = Release|Any CPU
		{7E31BA18-DA02-4D9A-B19D-6E48D36F77B5}.Release|Any CPU.Deploy.0 = Release|Any CPU
		{7E31BA18-DA02-4D9A-B19D-6E48D36F77B5}.Release|iPhone.ActiveCfg = Release|Any CPU
		{7E31BA18-DA02-4D9A-B19D-6E48D36F77B5}.Release|iPhone.Build.0 = Release|Any CPU
		{7E31BA18-DA02-4D9A-B19D-6E48D36F77B5}.Release|iPhone.Deploy.0 = Release|Any CPU
		{7E31BA18-DA02-4D9A-B19D-6E48D36F77B5}.Release|iPhoneSimulator.ActiveCfg = Release|Any CPU
		{7E31BA18-DA02-4D9A-B19D-6E48D36F77B5}.Release|iPhoneSimulator.Build.0 = Release|Any CPU
		{7E31BA18-DA02-4D9A-B19D-6E48D36F77B5}.Release|iPhoneSimulator.Deploy.0 = Release|Any CPU
		{4F8A0FE0-A694-4C7B-896A-0703D751D5B1}.Ad-Hoc|Any CPU.ActiveCfg = Ad-Hoc|iPhone
		{4F8A0FE0-A694-4C7B-896A-0703D751D5B1}.Ad-Hoc|iPhone.ActiveCfg = Ad-Hoc|iPhone
		{4F8A0FE0-A694-4C7B-896A-0703D751D5B1}.Ad-Hoc|iPhone.Build.0 = Ad-Hoc|iPhone
		{4F8A0FE0-A694-4C7B-896A-0703D751D5B1}.Ad-Hoc|iPhoneSimulator.ActiveCfg = Ad-Hoc|iPhoneSimulator
		{4F8A0FE0-A694-4C7B-896A-0703D751D5B1}.Ad-Hoc|iPhoneSimulator.Build.0 = Ad-Hoc|iPhoneSimulator
		{4F8A0FE0-A694-4C7B-896A-0703D751D5B1}.AppStore|Any CPU.ActiveCfg = AppStore|iPhone
		{4F8A0FE0-A694-4C7B-896A-0703D751D5B1}.AppStore|iPhone.ActiveCfg = AppStore|iPhone
		{4F8A0FE0-A694-4C7B-896A-0703D751D5B1}.AppStore|iPhone.Build.0 = AppStore|iPhone
		{4F8A0FE0-A694-4C7B-896A-0703D751D5B1}.AppStore|iPhoneSimulator.ActiveCfg = AppStore|iPhoneSimulator
		{4F8A0FE0-A694-4C7B-896A-0703D751D5B1}.AppStore|iPhoneSimulator.Build.0 = AppStore|iPhoneSimulator
		{4F8A0FE0-A694-4C7B-896A-0703D751D5B1}.Debug|Any CPU.ActiveCfg = Debug|iPhone
		{4F8A0FE0-A694-4C7B-896A-0703D751D5B1}.Debug|iPhone.ActiveCfg = Debug|iPhone
		{4F8A0FE0-A694-4C7B-896A-0703D751D5B1}.Debug|iPhone.Build.0 = Debug|iPhone
		{4F8A0FE0-A694-4C7B-896A-0703D751D5B1}.Debug|iPhoneSimulator.ActiveCfg = Debug|iPhoneSimulator
		{4F8A0FE0-A694-4C7B-896A-0703D751D5B1}.Debug|iPhoneSimulator.Build.0 = Debug|iPhoneSimulator
		{4F8A0FE0-A694-4C7B-896A-0703D751D5B1}.Release|Any CPU.ActiveCfg = Release|iPhone
		{4F8A0FE0-A694-4C7B-896A-0703D751D5B1}.Release|iPhone.ActiveCfg = Release|iPhone
		{4F8A0FE0-A694-4C7B-896A-0703D751D5B1}.Release|iPhone.Build.0 = Release|iPhone
		{4F8A0FE0-A694-4C7B-896A-0703D751D5B1}.Release|iPhoneSimulator.ActiveCfg = Release|iPhoneSimulator
		{4F8A0FE0-A694-4C7B-896A-0703D751D5B1}.Release|iPhoneSimulator.Build.0 = Release|iPhoneSimulator
		{FFCDB6F6-5C5A-4224-9CE7-56B4E0C1767F}.Ad-Hoc|Any CPU.ActiveCfg = Release|Any CPU
		{FFCDB6F6-5C5A-4224-9CE7-56B4E0C1767F}.Ad-Hoc|Any CPU.Build.0 = Release|Any CPU
		{FFCDB6F6-5C5A-4224-9CE7-56B4E0C1767F}.Ad-Hoc|Any CPU.Deploy.0 = Release|Any CPU
		{FFCDB6F6-5C5A-4224-9CE7-56B4E0C1767F}.Ad-Hoc|iPhone.ActiveCfg = Release|Any CPU
		{FFCDB6F6-5C5A-4224-9CE7-56B4E0C1767F}.Ad-Hoc|iPhone.Build.0 = Release|Any CPU
		{FFCDB6F6-5C5A-4224-9CE7-56B4E0C1767F}.Ad-Hoc|iPhone.Deploy.0 = Release|Any CPU
		{FFCDB6F6-5C5A-4224-9CE7-56B4E0C1767F}.Ad-Hoc|iPhoneSimulator.ActiveCfg = Release|Any CPU
		{FFCDB6F6-5C5A-4224-9CE7-56B4E0C1767F}.Ad-Hoc|iPhoneSimulator.Build.0 = Release|Any CPU
		{FFCDB6F6-5C5A-4224-9CE7-56B4E0C1767F}.Ad-Hoc|iPhoneSimulator.Deploy.0 = Release|Any CPU
		{FFCDB6F6-5C5A-4224-9CE7-56B4E0C1767F}.AppStore|Any CPU.ActiveCfg = Release|Any CPU
		{FFCDB6F6-5C5A-4224-9CE7-56B4E0C1767F}.AppStore|Any CPU.Build.0 = Release|Any CPU
		{FFCDB6F6-5C5A-4224-9CE7-56B4E0C1767F}.AppStore|Any CPU.Deploy.0 = Release|Any CPU
		{FFCDB6F6-5C5A-4224-9CE7-56B4E0C1767F}.AppStore|iPhone.ActiveCfg = Release|Any CPU
		{FFCDB6F6-5C5A-4224-9CE7-56B4E0C1767F}.AppStore|iPhone.Build.0 = Release|Any CPU
		{FFCDB6F6-5C5A-4224-9CE7-56B4E0C1767F}.AppStore|iPhone.Deploy.0 = Release|Any CPU
		{FFCDB6F6-5C5A-4224-9CE7-56B4E0C1767F}.AppStore|iPhoneSimulator.ActiveCfg = Release|Any CPU
		{FFCDB6F6-5C5A-4224-9CE7-56B4E0C1767F}.AppStore|iPhoneSimulator.Build.0 = Release|Any CPU
		{FFCDB6F6-5C5A-4224-9CE7-56B4E0C1767F}.AppStore|iPhoneSimulator.Deploy.0 = Release|Any CPU
		{FFCDB6F6-5C5A-4224-9CE7-56B4E0C1767F}.Debug|Any CPU.ActiveCfg = Debug|Any CPU
		{FFCDB6F6-5C5A-4224-9CE7-56B4E0C1767F}.Debug|Any CPU.Build.0 = Debug|Any CPU
		{FFCDB6F6-5C5A-4224-9CE7-56B4E0C1767F}.Debug|Any CPU.Deploy.0 = Debug|Any CPU
		{FFCDB6F6-5C5A-4224-9CE7-56B4E0C1767F}.Debug|iPhone.ActiveCfg = Debug|Any CPU
		{FFCDB6F6-5C5A-4224-9CE7-56B4E0C1767F}.Debug|iPhone.Build.0 = Debug|Any CPU
		{FFCDB6F6-5C5A-4224-9CE7-56B4E0C1767F}.Debug|iPhone.Deploy.0 = Debug|Any CPU
		{FFCDB6F6-5C5A-4224-9CE7-56B4E0C1767F}.Debug|iPhoneSimulator.ActiveCfg = Debug|Any CPU
		{FFCDB6F6-5C5A-4224-9CE7-56B4E0C1767F}.Debug|iPhoneSimulator.Build.0 = Debug|Any CPU
		{FFCDB6F6-5C5A-4224-9CE7-56B4E0C1767F}.Debug|iPhoneSimulator.Deploy.0 = Debug|Any CPU
		{FFCDB6F6-5C5A-4224-9CE7-56B4E0C1767F}.Release|Any CPU.ActiveCfg = Release|Any CPU
		{FFCDB6F6-5C5A-4224-9CE7-56B4E0C1767F}.Release|Any CPU.Build.0 = Release|Any CPU
		{FFCDB6F6-5C5A-4224-9CE7-56B4E0C1767F}.Release|Any CPU.Deploy.0 = Release|Any CPU
		{FFCDB6F6-5C5A-4224-9CE7-56B4E0C1767F}.Release|iPhone.ActiveCfg = Release|Any CPU
		{FFCDB6F6-5C5A-4224-9CE7-56B4E0C1767F}.Release|iPhone.Build.0 = Release|Any CPU
		{FFCDB6F6-5C5A-4224-9CE7-56B4E0C1767F}.Release|iPhone.Deploy.0 = Release|Any CPU
		{FFCDB6F6-5C5A-4224-9CE7-56B4E0C1767F}.Release|iPhoneSimulator.ActiveCfg = Release|Any CPU
		{FFCDB6F6-5C5A-4224-9CE7-56B4E0C1767F}.Release|iPhoneSimulator.Build.0 = Release|Any CPU
		{FFCDB6F6-5C5A-4224-9CE7-56B4E0C1767F}.Release|iPhoneSimulator.Deploy.0 = Release|Any CPU
		{E59F29FA-3E4E-46DF-9995-25A3818242D8}.Ad-Hoc|Any CPU.ActiveCfg = Release|iPhone
		{E59F29FA-3E4E-46DF-9995-25A3818242D8}.Ad-Hoc|Any CPU.Build.0 = Release|iPhone
		{E59F29FA-3E4E-46DF-9995-25A3818242D8}.Ad-Hoc|iPhone.ActiveCfg = Release|iPhone
		{E59F29FA-3E4E-46DF-9995-25A3818242D8}.Ad-Hoc|iPhone.Build.0 = Release|iPhone
		{E59F29FA-3E4E-46DF-9995-25A3818242D8}.Ad-Hoc|iPhoneSimulator.ActiveCfg = Release|iPhoneSimulator
		{E59F29FA-3E4E-46DF-9995-25A3818242D8}.Ad-Hoc|iPhoneSimulator.Build.0 = Release|iPhoneSimulator
		{E59F29FA-3E4E-46DF-9995-25A3818242D8}.AppStore|Any CPU.ActiveCfg = Release|iPhone
		{E59F29FA-3E4E-46DF-9995-25A3818242D8}.AppStore|Any CPU.Build.0 = Release|iPhone
		{E59F29FA-3E4E-46DF-9995-25A3818242D8}.AppStore|iPhone.ActiveCfg = Release|iPhone
		{E59F29FA-3E4E-46DF-9995-25A3818242D8}.AppStore|iPhone.Build.0 = Release|iPhone
		{E59F29FA-3E4E-46DF-9995-25A3818242D8}.AppStore|iPhoneSimulator.ActiveCfg = Release|iPhoneSimulator
		{E59F29FA-3E4E-46DF-9995-25A3818242D8}.AppStore|iPhoneSimulator.Build.0 = Release|iPhoneSimulator
		{E59F29FA-3E4E-46DF-9995-25A3818242D8}.Debug|Any CPU.ActiveCfg = Debug|iPhone
		{E59F29FA-3E4E-46DF-9995-25A3818242D8}.Debug|iPhone.ActiveCfg = Debug|iPhone
		{E59F29FA-3E4E-46DF-9995-25A3818242D8}.Debug|iPhone.Build.0 = Debug|iPhone
		{E59F29FA-3E4E-46DF-9995-25A3818242D8}.Debug|iPhoneSimulator.ActiveCfg = Debug|iPhoneSimulator
		{E59F29FA-3E4E-46DF-9995-25A3818242D8}.Debug|iPhoneSimulator.Build.0 = Debug|iPhoneSimulator
		{E59F29FA-3E4E-46DF-9995-25A3818242D8}.Release|Any CPU.ActiveCfg = Release|iPhone
		{E59F29FA-3E4E-46DF-9995-25A3818242D8}.Release|iPhone.ActiveCfg = Release|iPhone
		{E59F29FA-3E4E-46DF-9995-25A3818242D8}.Release|iPhone.Build.0 = Release|iPhone
		{E59F29FA-3E4E-46DF-9995-25A3818242D8}.Release|iPhoneSimulator.ActiveCfg = Release|iPhoneSimulator
		{E59F29FA-3E4E-46DF-9995-25A3818242D8}.Release|iPhoneSimulator.Build.0 = Release|iPhoneSimulator
	EndGlobalSection
	GlobalSection(SolutionProperties) = preSolution
		HideSolutionNode = FALSE
	EndGlobalSection
	GlobalSection(ExtensibilityGlobals) = postSolution
		SolutionGuid = {DD30BC35-E106-413C-B557-917105F66432}
	EndGlobalSection
EndGlobal
